
Microsoft Visual Studio Solution File, Format Version 12.00
# Visual Studio Version 17
VisualStudioVersion = 17.8.34511.84
MinimumVisualStudioVersion = 10.0.40219.1
Project("{FAE04EC0-301F-11D3-BF4B-00C04F79EFBC}") = "AdventOfCodeDay13", "AdventOfCodeDay13\AdventOfCodeDay13.csproj", "{29C1B074-4D4D-4CFA-AB61-86E03EF7CFCE}"
EndProject
Global
	GlobalSection(SolutionConfigurationPlatforms) = preSolution
		Debug|Any CPU = Debug|Any CPU
		Release|Any CPU = Release|Any CPU
	EndGlobalSection
	GlobalSection(ProjectConfigurationPlatforms) = postSolution
		{29C1B074-4D4D-4CFA-AB61-86E03EF7CFCE}.Debug|Any CPU.ActiveCfg = Debug|Any CPU
		{29C1B074-4D4D-4CFA-AB61-86E03EF7CFCE}.Debug|Any CPU.Build.0 = Debug|Any CPU
		{29C1B074-4D4D-4CFA-AB61-86E03EF7CFCE}.Release|Any CPU.ActiveCfg = Release|Any CPU
		{29C1B074-4D4D-4CFA-AB61-86E03EF7CFCE}.Release|Any CPU.Build.0 = Release|Any CPU
	EndGlobalSection
	GlobalSection(SolutionProperties) = preSolution
		HideSolutionNode = FALSE
	EndGlobalSection
	GlobalSection(ExtensibilityGlobals) = postSolution
		SolutionGuid = {741B1E26-669C-466B-A54B-38FF1DAC575D}
	EndGlobalSection
EndGlobal
